{
  "version": 4,
  "terraform_version": "1.6.1",
  "serial": 22,
  "lineage": "d9b54676-70f4-13b0-c9bd-4d1a729d2250",
  "outputs": {
    "master-balancer": {
      "value": [
        "147.228.173.88"
      ],
      "type": [
        "tuple",
        [
          "string"
        ]
      ]
    },
    "slave-node": {
      "value": [
        "147.228.173.82",
        "147.228.173.64"
      ],
      "type": [
        "tuple",
        [
          "string",
          "string"
        ]
      ]
    }
  },
  "resources": [
    {
      "mode": "managed",
      "type": "local_file",
      "name": "hosts_cfg",
      "provider": "provider[\"registry.terraform.io/hashicorp/local\"]",
      "instances": [
        {
          "schema_version": 0,
          "attributes": {
            "content": "[master-balancer]\n147.228.173.88\n\n[slave-node]\n147.228.173.82\n147.228.173.64\n\n[all:vars]\nansible_user=nodeadm\n",
            "content_base64": null,
            "content_base64sha256": "uC9LzOjflMSFzp7kMPatUZTSihPIc1FMZgoINrmlpTI=",
            "content_base64sha512": "/3zIdNLDobjOGgz2y10zOgyw+qavjIUvWum/u71id7fusfe/x1pMqYt0MK92nK/46CmAI01r5TSL0fMAwc16FA==",
            "content_md5": "293df8ea40414dbab4e616b52c9213fe",
            "content_sha1": "4750b48d4e0e71cb29cf9c29e33bec137de1c170",
            "content_sha256": "b82f4bcce8df94c485ce9ee430f6ad5194d28a13c873514c660a0836b9a5a532",
            "content_sha512": "ff7cc874d2c3a1b8ce1a0cf6cb5d333a0cb0faa6af8c852f5ae9bfbbbd6277b7eeb1f7bfc75a4ca98b7430af769caff8e82980234d6be5348bd1f300c1cd7a14",
            "directory_permission": "0777",
            "file_permission": "0777",
            "filename": "./dynamic_inventories/inventory",
            "id": "4750b48d4e0e71cb29cf9c29e33bec137de1c170",
            "sensitive_content": null,
            "source": null
          },
          "sensitive_attributes": [],
          "dependencies": [
            "opennebula_image.os-image",
            "opennebula_virtual_machine.master-balancer",
            "opennebula_virtual_machine.slave-node"
          ]
        }
      ]
    },
    {
      "mode": "managed",
      "type": "opennebula_image",
      "name": "os-image",
      "provider": "provider[\"registry.terraform.io/opennebula/opennebula\"]",
      "instances": [
        {
          "schema_version": 0,
          "attributes": {
            "clone_from_image": null,
            "datastore_id": 101,
            "default_tags": {},
            "description": null,
            "dev_prefix": "sd",
            "driver": null,
            "format": null,
            "gid": 1,
            "gname": "users",
            "group": null,
            "id": "527",
            "lock": null,
            "name": "Ubuntu 22.04",
            "path": "https://marketplace.opennebula.io//appliance/4562be1a-4c11-4e9e-b60a-85a045f1de05/download/0",
            "permissions": "600",
            "persistent": false,
            "size": null,
            "tags": null,
            "tags_all": {},
            "target": null,
            "template_section": [],
            "timeout": 20,
            "timeouts": null,
            "type": null,
            "uid": 391,
            "uname": "bubikdav"
          },
          "sensitive_attributes": [],
          "private": "eyJlMmJmYjczMC1lY2FhLTExZTYtOGY4OC0zNDM2M2JjN2M0YzAiOnsiY3JlYXRlIjoxMjAwMDAwMDAwMDAwLCJkZWxldGUiOjEyMDAwMDAwMDAwMDB9fQ=="
        }
      ]
    },
    {
      "mode": "managed",
      "type": "opennebula_virtual_machine",
      "name": "master-balancer",
      "provider": "provider[\"registry.terraform.io/opennebula/opennebula\"]",
      "instances": [
        {
          "schema_version": 0,
          "attributes": {
            "context": {
              "HOSTNAME": "$NAME",
              "NETWORK": "YES",
              "SSH_PUBLIC_KEY": "ecdsa-sha2-nistp521 AAAAE2VjZHNhLXNoYTItbmlzdHA1MjEAAAAIbmlzdHA1MjEAAACFBACkwBaUnQ1I5kpF7poMDoIhkjN3w8i+4yO8j1CABFMxp/jf+U8NkubeT8ZUZkgD9uI9ApLJ7+OrWAT3dXh4yDR+qgAMHHKcmHmyIGv1yc2TjFJQmTFehWsskNz2xASg8GpPOGgIa0JxBoeSgGe5xulj6iWKZSNa/p4ywQkea+39HJiJ3A== root@0336adb528fb"
            },
            "cpu": 1,
            "cpumodel": [],
            "default_tags": {},
            "description": "Master-balancer VM",
            "disk": [
              {
                "cache": "",
                "computed_cache": "",
                "computed_dev_prefix": "sd",
                "computed_discard": "",
                "computed_driver": "raw",
                "computed_io": "",
                "computed_size": 12000,
                "computed_target": "vda",
                "computed_volatile_format": "raw",
                "dev_prefix": "",
                "discard": "",
                "disk_id": 0,
                "driver": "",
                "image_id": 527,
                "io": "",
                "size": 12000,
                "target": "vda",
                "volatile_format": "",
                "volatile_type": ""
              }
            ],
            "gid": 1,
            "gname": "users",
            "graphics": [
              {
                "keymap": "en-us",
                "listen": "0.0.0.0",
                "port": "9118",
                "type": "vnc"
              }
            ],
            "group": "users",
            "hard_shutdown": false,
            "id": "3218",
            "ip": "147.228.173.88",
            "keep_nic_order": null,
            "lcmstate": 3,
            "lock": null,
            "memory": 2048,
            "name": "master-balancer",
            "nic": [
              {
                "computed_ip": "147.228.173.88",
                "computed_mac": "52:54:00:17:30:58",
                "computed_model": "",
                "computed_physical_device": "bond1",
                "computed_security_groups": [],
                "computed_virtio_queues": "",
                "ip": "",
                "mac": "",
                "model": "",
                "network": "vlan173",
                "network_id": 3,
                "nic_id": 0,
                "physical_device": "",
                "security_groups": null,
                "virtio_queues": ""
              }
            ],
            "on_disk_change": "swap",
            "os": [
              {
                "arch": "x86_64",
                "boot": "disk0"
              }
            ],
            "pending": false,
            "permissions": "600",
            "raw": [],
            "sched_ds_requirements": "",
            "sched_requirements": "",
            "state": 3,
            "tags": {
              "role": "master"
            },
            "tags_all": {
              "role": "master"
            },
            "template_disk": [],
            "template_id": -1,
            "template_nic": [],
            "template_section": [],
            "template_section_names": {},
            "template_tags": {},
            "timeout": 20,
            "timeouts": null,
            "uid": 391,
            "uname": "bubikdav",
            "vcpu": 1,
            "vmgroup": null
          },
          "sensitive_attributes": [],
          "private": "eyJlMmJmYjczMC1lY2FhLTExZTYtOGY4OC0zNDM2M2JjN2M0YzAiOnsiY3JlYXRlIjoxMjAwMDAwMDAwMDAwLCJkZWxldGUiOjEyMDAwMDAwMDAwMDAsInVwZGF0ZSI6MTIwMDAwMDAwMDAwMH19",
          "dependencies": [
            "opennebula_image.os-image"
          ]
        }
      ]
    },
    {
      "mode": "managed",
      "type": "opennebula_virtual_machine",
      "name": "slave-node",
      "provider": "provider[\"registry.terraform.io/opennebula/opennebula\"]",
      "instances": [
        {
          "index_key": 0,
          "schema_version": 0,
          "attributes": {
            "context": {
              "HOSTNAME": "$NAME",
              "NETWORK": "YES",
              "SSH_PUBLIC_KEY": "ecdsa-sha2-nistp521 AAAAE2VjZHNhLXNoYTItbmlzdHA1MjEAAAAIbmlzdHA1MjEAAACFBACkwBaUnQ1I5kpF7poMDoIhkjN3w8i+4yO8j1CABFMxp/jf+U8NkubeT8ZUZkgD9uI9ApLJ7+OrWAT3dXh4yDR+qgAMHHKcmHmyIGv1yc2TjFJQmTFehWsskNz2xASg8GpPOGgIa0JxBoeSgGe5xulj6iWKZSNa/p4ywQkea+39HJiJ3A== root@0336adb528fb"
            },
            "cpu": 1,
            "cpumodel": [],
            "default_tags": {},
            "description": "slave node VM #1",
            "disk": [
              {
                "cache": "",
                "computed_cache": "",
                "computed_dev_prefix": "sd",
                "computed_discard": "",
                "computed_driver": "raw",
                "computed_io": "",
                "computed_size": 12000,
                "computed_target": "vda",
                "computed_volatile_format": "raw",
                "dev_prefix": "",
                "discard": "",
                "disk_id": 0,
                "driver": "",
                "image_id": 527,
                "io": "",
                "size": 12000,
                "target": "vda",
                "volatile_format": "",
                "volatile_type": ""
              }
            ],
            "gid": 1,
            "gname": "users",
            "graphics": [
              {
                "keymap": "en-us",
                "listen": "0.0.0.0",
                "port": "9117",
                "type": "vnc"
              }
            ],
            "group": "users",
            "hard_shutdown": false,
            "id": "3217",
            "ip": "147.228.173.82",
            "keep_nic_order": null,
            "lcmstate": 3,
            "lock": null,
            "memory": 2048,
            "name": "slave-node-1",
            "nic": [
              {
                "computed_ip": "147.228.173.82",
                "computed_mac": "52:54:00:17:30:52",
                "computed_model": "",
                "computed_physical_device": "bond1",
                "computed_security_groups": [],
                "computed_virtio_queues": "",
                "ip": "",
                "mac": "",
                "model": "",
                "network": "vlan173",
                "network_id": 3,
                "nic_id": 0,
                "physical_device": "",
                "security_groups": null,
                "virtio_queues": ""
              }
            ],
            "on_disk_change": "swap",
            "os": [
              {
                "arch": "x86_64",
                "boot": "disk0"
              }
            ],
            "pending": false,
            "permissions": "600",
            "raw": [],
            "sched_ds_requirements": "",
            "sched_requirements": "",
            "state": 3,
            "tags": {
              "role": "node"
            },
            "tags_all": {
              "role": "node"
            },
            "template_disk": [],
            "template_id": -1,
            "template_nic": [],
            "template_section": [],
            "template_section_names": {},
            "template_tags": {},
            "timeout": 20,
            "timeouts": null,
            "uid": 391,
            "uname": "bubikdav",
            "vcpu": 1,
            "vmgroup": null
          },
          "sensitive_attributes": [],
          "private": "eyJlMmJmYjczMC1lY2FhLTExZTYtOGY4OC0zNDM2M2JjN2M0YzAiOnsiY3JlYXRlIjoxMjAwMDAwMDAwMDAwLCJkZWxldGUiOjEyMDAwMDAwMDAwMDAsInVwZGF0ZSI6MTIwMDAwMDAwMDAwMH19",
          "dependencies": [
            "opennebula_image.os-image"
          ]
        },
        {
          "index_key": 1,
          "schema_version": 0,
          "attributes": {
            "context": {
              "HOSTNAME": "$NAME",
              "NETWORK": "YES",
              "SSH_PUBLIC_KEY": "ecdsa-sha2-nistp521 AAAAE2VjZHNhLXNoYTItbmlzdHA1MjEAAAAIbmlzdHA1MjEAAACFBACkwBaUnQ1I5kpF7poMDoIhkjN3w8i+4yO8j1CABFMxp/jf+U8NkubeT8ZUZkgD9uI9ApLJ7+OrWAT3dXh4yDR+qgAMHHKcmHmyIGv1yc2TjFJQmTFehWsskNz2xASg8GpPOGgIa0JxBoeSgGe5xulj6iWKZSNa/p4ywQkea+39HJiJ3A== root@0336adb528fb"
            },
            "cpu": 1,
            "cpumodel": [],
            "default_tags": {},
            "description": "slave node VM #2",
            "disk": [
              {
                "cache": "",
                "computed_cache": "",
                "computed_dev_prefix": "sd",
                "computed_discard": "",
                "computed_driver": "raw",
                "computed_io": "",
                "computed_size": 12000,
                "computed_target": "vda",
                "computed_volatile_format": "raw",
                "dev_prefix": "",
                "discard": "",
                "disk_id": 0,
                "driver": "",
                "image_id": 527,
                "io": "",
                "size": 12000,
                "target": "vda",
                "volatile_format": "",
                "volatile_type": ""
              }
            ],
            "gid": 1,
            "gname": "users",
            "graphics": [
              {
                "keymap": "en-us",
                "listen": "0.0.0.0",
                "port": "9116",
                "type": "vnc"
              }
            ],
            "group": "users",
            "hard_shutdown": false,
            "id": "3216",
            "ip": "147.228.173.64",
            "keep_nic_order": null,
            "lcmstate": 3,
            "lock": null,
            "memory": 2048,
            "name": "slave-node-2",
            "nic": [
              {
                "computed_ip": "147.228.173.64",
                "computed_mac": "52:54:00:17:30:40",
                "computed_model": "",
                "computed_physical_device": "bond1",
                "computed_security_groups": [],
                "computed_virtio_queues": "",
                "ip": "",
                "mac": "",
                "model": "",
                "network": "vlan173",
                "network_id": 3,
                "nic_id": 0,
                "physical_device": "",
                "security_groups": null,
                "virtio_queues": ""
              }
            ],
            "on_disk_change": "swap",
            "os": [
              {
                "arch": "x86_64",
                "boot": "disk0"
              }
            ],
            "pending": false,
            "permissions": "600",
            "raw": [],
            "sched_ds_requirements": "",
            "sched_requirements": "",
            "state": 3,
            "tags": {
              "role": "node"
            },
            "tags_all": {
              "role": "node"
            },
            "template_disk": [],
            "template_id": -1,
            "template_nic": [],
            "template_section": [],
            "template_section_names": {},
            "template_tags": {},
            "timeout": 20,
            "timeouts": null,
            "uid": 391,
            "uname": "bubikdav",
            "vcpu": 1,
            "vmgroup": null
          },
          "sensitive_attributes": [],
          "private": "eyJlMmJmYjczMC1lY2FhLTExZTYtOGY4OC0zNDM2M2JjN2M0YzAiOnsiY3JlYXRlIjoxMjAwMDAwMDAwMDAwLCJkZWxldGUiOjEyMDAwMDAwMDAwMDAsInVwZGF0ZSI6MTIwMDAwMDAwMDAwMH19",
          "dependencies": [
            "opennebula_image.os-image"
          ]
        }
      ]
    }
  ],
  "check_results": null
}
